
Microsoft Visual Studio Solution File, Format Version 12.00
# Visual Studio Version 17
VisualStudioVersion = 17.14.36109.1 d17.14
MinimumVisualStudioVersion = 10.0.40219.1
Project("{FAE04EC0-301F-11D3-BF4B-00C04F79EFBC}") = "ScaffoldTest", "ScaffoldTest\ScaffoldTest.csproj", "{89628795-E8B2-4BBC-B2F8-4F0E691647EC}"
EndProject
Global
	GlobalSection(SolutionConfigurationPlatforms) = preSolution
		Debug|Any CPU = Debug|Any CPU
		Release|Any CPU = Release|Any CPU
	EndGlobalSection
	GlobalSection(ProjectConfigurationPlatforms) = postSolution
		{89628795-E8B2-4BBC-B2F8-4F0E691647EC}.Debug|Any CPU.ActiveCfg = Debug|Any CPU
		{89628795-E8B2-4BBC-B2F8-4F0E691647EC}.Debug|Any CPU.Build.0 = Debug|Any CPU
		{89628795-E8B2-4BBC-B2F8-4F0E691647EC}.Release|Any CPU.ActiveCfg = Release|Any CPU
		{89628795-E8B2-4BBC-B2F8-4F0E691647EC}.Release|Any CPU.Build.0 = Release|Any CPU
	EndGlobalSection
	GlobalSection(SolutionProperties) = preSolution
		HideSolutionNode = FALSE
	EndGlobalSection
	GlobalSection(ExtensibilityGlobals) = postSolution
		SolutionGuid = {7F27919C-AF44-46FF-974F-A41DF3A704F7}
	EndGlobalSection
EndGlobal
